PODS:
  - Alamofire (4.4.0)
  - PKHUD (4.2.2)
  - SwiftyJSON (3.1.4)

DEPENDENCIES:
  - Alamofire (~> 4.4)
  - PKHUD (~> 4.0)
  - SwiftyJSON

SPEC CHECKSUMS:
  Alamofire: dc44b1600b800eb63da6a19039a0083d62a6a62d
  PKHUD: 9a3599e04d57676ec14746c40e423a52fb6588c0
  SwiftyJSON: c2842d878f95482ffceec5709abc3d05680c0220

PODFILE CHECKSUM: aaa6edea60f8da7e4f1fadbb428652d1beb672ef

COCOAPODS: 1.2.1
