// !$*UTF8*$!
{
	archiveVersion = 1;
	classes = {
	};
	objectVersion = 46;
	objects = {

/* Begin PBXBuildFile section */
		14499F8005CE3C929896BF78 /* Pods_InstagramClone.framework in Frameworks */ = {isa = PBXBuildFile; fileRef = 95099372FC31BCA775DBFF4E /* Pods_InstagramClone.framework */; };
		8DF34C1F1EC3212C00F93D8D /* AppDelegate.swift in Sources */ = {isa = PBXBuildFile; fileRef = 8DF34C1E1EC3212C00F93D8D /* AppDelegate.swift */; };
		8DF34C211EC3212C00F93D8D /* ViewController.swift in Sources */ = {isa = PBXBuildFile; fileRef = 8DF34C201EC3212C00F93D8D /* ViewController.swift */; };
		8DF34C241EC3212C00F93D8D /* Main.storyboard in Resources */ = {isa = PBXBuildFile; fileRef = 8DF34C221EC3212C00F93D8D /* Main.storyboard */; };
		8DF34C261EC3212C00F93D8D /* Assets.xcassets in Resources */ = {isa = PBXBuildFile; fileRef = 8DF34C251EC3212C00F93D8D /* Assets.xcassets */; };
		8DF34C291EC3212C00F93D8D /* LaunchScreen.storyboard in Resources */ = {isa = PBXBuildFile; fileRef = 8DF34C271EC3212C00F93D8D /* LaunchScreen.storyboard */; };
		8DF34C311EC3215800F93D8D /* LoginViewController.swift in Sources */ = {isa = PBXBuildFile; fileRef = 8DF34C301EC3215800F93D8D /* LoginViewController.swift */; };
		F56CAEA31ED133C800230E8A /* UserViewController.swift in Sources */ = {isa = PBXBuildFile; fileRef = F56CAEA21ED133C800230E8A /* UserViewController.swift */; };
		F56CAEA51ED1464D00230E8A /* UploadPhotoViewController.swift in Sources */ = {isa = PBXBuildFile; fileRef = F56CAEA41ED1464D00230E8A /* UploadPhotoViewController.swift */; };
		F5A4D4B71ECDAE1100571307 /* AllPhotoViewController.swift in Sources */ = {isa = PBXBuildFile; fileRef = F5A4D4B61ECDAE1100571307 /* AllPhotoViewController.swift */; };
		F5D1C7DB1EC86CAD009C1705 /* APIManagers.swift in Sources */ = {isa = PBXBuildFile; fileRef = F5D1C7DA1EC86CAD009C1705 /* APIManagers.swift */; };
		F5D1C7E11EC871FD009C1705 /* Utitlities.swift in Sources */ = {isa = PBXBuildFile; fileRef = F5D1C7E01EC871FD009C1705 /* Utitlities.swift */; };
		F5D1C7E41EC8745A009C1705 /* Defines.swift in Sources */ = {isa = PBXBuildFile; fileRef = F5D1C7E31EC8745A009C1705 /* Defines.swift */; };
		F5D1C7E71EC87719009C1705 /* ModelStruct.swift in Sources */ = {isa = PBXBuildFile; fileRef = F5D1C7E61EC87719009C1705 /* ModelStruct.swift */; };
		F5D1C7E91EC880D9009C1705 /* UserClass.swift in Sources */ = {isa = PBXBuildFile; fileRef = F5D1C7E81EC880D9009C1705 /* UserClass.swift */; };
		F5D1C7ED1EC8B2BC009C1705 /* PhotoCell.xib in Resources */ = {isa = PBXBuildFile; fileRef = F5D1C7EC1EC8B2BC009C1705 /* PhotoCell.xib */; };
		F5D1C7F11EC8B7F8009C1705 /* PhotoCell.swift in Sources */ = {isa = PBXBuildFile; fileRef = F5D1C7F01EC8B7F7009C1705 /* PhotoCell.swift */; };
		F5D1C7FB1EC8C250009C1705 /* Reachability.m in Sources */ = {isa = PBXBuildFile; fileRef = F5D1C7FA1EC8C250009C1705 /* Reachability.m */; };
		F5D1C7FD1EC93A67009C1705 /* UserManager.swift in Sources */ = {isa = PBXBuildFile; fileRef = F5D1C7FC1EC93A66009C1705 /* UserManager.swift */; };
/* End PBXBuildFile section */

/* Begin PBXFileReference section */
		067452C54D084541C902ECB6 /* Pods-InstagramClone.debug.xcconfig */ = {isa = PBXFileReference; includeInIndex = 1; lastKnownFileType = text.xcconfig; name = "Pods-InstagramClone.debug.xcconfig"; path = "Pods/Target Support Files/Pods-InstagramClone/Pods-InstagramClone.debug.xcconfig"; sourceTree = "<group>"; };
		8DF34C1B1EC3212C00F93D8D /* InstagramClone.app */ = {isa = PBXFileReference; explicitFileType = wrapper.application; includeInIndex = 0; path = InstagramClone.app; sourceTree = BUILT_PRODUCTS_DIR; };
		8DF34C1E1EC3212C00F93D8D /* AppDelegate.swift */ = {isa = PBXFileReference; lastKnownFileType = sourcecode.swift; path = AppDelegate.swift; sourceTree = "<group>"; };
		8DF34C201EC3212C00F93D8D /* ViewController.swift */ = {isa = PBXFileReference; lastKnownFileType = sourcecode.swift; path = ViewController.swift; sourceTree = "<group>"; };
		8DF34C231EC3212C00F93D8D /* Base */ = {isa = PBXFileReference; lastKnownFileType = file.storyboard; name = Base; path = Base.lproj/Main.storyboard; sourceTree = "<group>"; };
		8DF34C251EC3212C00F93D8D /* Assets.xcassets */ = {isa = PBXFileReference; lastKnownFileType = folder.assetcatalog; path = Assets.xcassets; sourceTree = "<group>"; };
		8DF34C281EC3212C00F93D8D /* Base */ = {isa = PBXFileReference; lastKnownFileType = file.storyboard; name = Base; path = Base.lproj/LaunchScreen.storyboard; sourceTree = "<group>"; };
		8DF34C2A1EC3212C00F93D8D /* Info.plist */ = {isa = PBXFileReference; lastKnownFileType = text.plist.xml; path = Info.plist; sourceTree = "<group>"; };
		8DF34C301EC3215800F93D8D /* LoginViewController.swift */ = {isa = PBXFileReference; fileEncoding = 4; lastKnownFileType = sourcecode.swift; path = LoginViewController.swift; sourceTree = "<group>"; };
		95099372FC31BCA775DBFF4E /* Pods_InstagramClone.framework */ = {isa = PBXFileReference; explicitFileType = wrapper.framework; includeInIndex = 0; path = Pods_InstagramClone.framework; sourceTree = BUILT_PRODUCTS_DIR; };
		E7AFDE48EA1B4774292EDDB2 /* Pods-InstagramClone.release.xcconfig */ = {isa = PBXFileReference; includeInIndex = 1; lastKnownFileType = text.xcconfig; name = "Pods-InstagramClone.release.xcconfig"; path = "Pods/Target Support Files/Pods-InstagramClone/Pods-InstagramClone.release.xcconfig"; sourceTree = "<group>"; };
		F56CAEA21ED133C800230E8A /* UserViewController.swift */ = {isa = PBXFileReference; fileEncoding = 4; lastKnownFileType = sourcecode.swift; path = UserViewController.swift; sourceTree = "<group>"; };
		F56CAEA41ED1464D00230E8A /* UploadPhotoViewController.swift */ = {isa = PBXFileReference; fileEncoding = 4; lastKnownFileType = sourcecode.swift; path = UploadPhotoViewController.swift; sourceTree = "<group>"; };
		F5A4D4B61ECDAE1100571307 /* AllPhotoViewController.swift */ = {isa = PBXFileReference; fileEncoding = 4; lastKnownFileType = sourcecode.swift; path = AllPhotoViewController.swift; sourceTree = "<group>"; };
		F5D1C7DA1EC86CAD009C1705 /* APIManagers.swift */ = {isa = PBXFileReference; fileEncoding = 4; lastKnownFileType = sourcecode.swift; path = APIManagers.swift; sourceTree = "<group>"; };
		F5D1C7E01EC871FD009C1705 /* Utitlities.swift */ = {isa = PBXFileReference; fileEncoding = 4; lastKnownFileType = sourcecode.swift; path = Utitlities.swift; sourceTree = "<group>"; };
		F5D1C7E21EC872BE009C1705 /* InstagramClone-Bridging-Header.h */ = {isa = PBXFileReference; lastKnownFileType = sourcecode.c.h; path = "InstagramClone-Bridging-Header.h"; sourceTree = "<group>"; };
		F5D1C7E31EC8745A009C1705 /* Defines.swift */ = {isa = PBXFileReference; fileEncoding = 4; lastKnownFileType = sourcecode.swift; path = Defines.swift; sourceTree = "<group>"; };
		F5D1C7E61EC87719009C1705 /* ModelStruct.swift */ = {isa = PBXFileReference; fileEncoding = 4; lastKnownFileType = sourcecode.swift; path = ModelStruct.swift; sourceTree = "<group>"; };
		F5D1C7E81EC880D9009C1705 /* UserClass.swift */ = {isa = PBXFileReference; fileEncoding = 4; lastKnownFileType = sourcecode.swift; path = UserClass.swift; sourceTree = "<group>"; };
		F5D1C7EC1EC8B2BC009C1705 /* PhotoCell.xib */ = {isa = PBXFileReference; fileEncoding = 4; lastKnownFileType = file.xib; path = PhotoCell.xib; sourceTree = "<group>"; };
		F5D1C7F01EC8B7F7009C1705 /* PhotoCell.swift */ = {isa = PBXFileReference; fileEncoding = 4; lastKnownFileType = sourcecode.swift; path = PhotoCell.swift; sourceTree = "<group>"; };
		F5D1C7F91EC8C250009C1705 /* Reachability.h */ = {isa = PBXFileReference; fileEncoding = 4; lastKnownFileType = sourcecode.c.h; path = Reachability.h; sourceTree = "<group>"; };
		F5D1C7FA1EC8C250009C1705 /* Reachability.m */ = {isa = PBXFileReference; fileEncoding = 4; lastKnownFileType = sourcecode.c.objc; path = Reachability.m; sourceTree = "<group>"; };
		F5D1C7FC1EC93A66009C1705 /* UserManager.swift */ = {isa = PBXFileReference; fileEncoding = 4; lastKnownFileType = sourcecode.swift; path = UserManager.swift; sourceTree = "<group>"; };
/* End PBXFileReference section */

/* Begin PBXFrameworksBuildPhase section */
		8DF34C181EC3212C00F93D8D /* Frameworks */ = {
			isa = PBXFrameworksBuildPhase;
			buildActionMask = 2147483647;
			files = (
				14499F8005CE3C929896BF78 /* Pods_InstagramClone.framework in Frameworks */,
			);
			runOnlyForDeploymentPostprocessing = 0;
		};
/* End PBXFrameworksBuildPhase section */

/* Begin PBXGroup section */
		7EE5DC7BF4A4982E94254D26 /* Frameworks */ = {
			isa = PBXGroup;
			children = (
				95099372FC31BCA775DBFF4E /* Pods_InstagramClone.framework */,
			);
			name = Frameworks;
			sourceTree = "<group>";
		};
		8DF34C121EC3212C00F93D8D = {
			isa = PBXGroup;
			children = (
				8DF34C1D1EC3212C00F93D8D /* InstagramClone */,
				8DF34C1C1EC3212C00F93D8D /* Products */,
				8EF6ADBD4B783A3FED74E105 /* Pods */,
				7EE5DC7BF4A4982E94254D26 /* Frameworks */,
			);
			sourceTree = "<group>";
		};
		8DF34C1C1EC3212C00F93D8D /* Products */ = {
			isa = PBXGroup;
			children = (
				8DF34C1B1EC3212C00F93D8D /* InstagramClone.app */,
			);
			name = Products;
			sourceTree = "<group>";
		};
		8DF34C1D1EC3212C00F93D8D /* InstagramClone */ = {
			isa = PBXGroup;
			children = (
				8DF34C1E1EC3212C00F93D8D /* AppDelegate.swift */,
				F5D1C7EB1EC8B28F009C1705 /* CustomViews */,
				F5D1C7EA1EC8B248009C1705 /* ViewControllers */,
				F5D1C7E51EC8770A009C1705 /* Model */,
				F5D1C7DF1EC871E3009C1705 /* Utitlities */,
				F5D1C7DC1EC87196009C1705 /* Vendor */,
				F5D1C7D91EC86C4E009C1705 /* Managers */,
				8DF34C221EC3212C00F93D8D /* Main.storyboard */,
				8DF34C251EC3212C00F93D8D /* Assets.xcassets */,
				8DF34C271EC3212C00F93D8D /* LaunchScreen.storyboard */,
				8DF34C2A1EC3212C00F93D8D /* Info.plist */,
				F5D1C7E21EC872BE009C1705 /* InstagramClone-Bridging-Header.h */,
			);
			path = InstagramClone;
			sourceTree = "<group>";
		};
		8EF6ADBD4B783A3FED74E105 /* Pods */ = {
			isa = PBXGroup;
			children = (
				067452C54D084541C902ECB6 /* Pods-InstagramClone.debug.xcconfig */,
				E7AFDE48EA1B4774292EDDB2 /* Pods-InstagramClone.release.xcconfig */,
			);
			name = Pods;
			sourceTree = "<group>";
		};
		F5D1C7D91EC86C4E009C1705 /* Managers */ = {
			isa = PBXGroup;
			children = (
				F5D1C7DA1EC86CAD009C1705 /* APIManagers.swift */,
			);
			name = Managers;
			sourceTree = "<group>";
		};
		F5D1C7DC1EC87196009C1705 /* Vendor */ = {
			isa = PBXGroup;
			children = (
				F5D1C7F81EC8C250009C1705 /* Reachability */,
			);
			name = Vendor;
			sourceTree = "<group>";
		};
		F5D1C7DF1EC871E3009C1705 /* Utitlities */ = {
			isa = PBXGroup;
			children = (
				F5D1C7E01EC871FD009C1705 /* Utitlities.swift */,
				F5D1C7E31EC8745A009C1705 /* Defines.swift */,
			);
			name = Utitlities;
			sourceTree = "<group>";
		};
		F5D1C7E51EC8770A009C1705 /* Model */ = {
			isa = PBXGroup;
			children = (
				F5D1C7E61EC87719009C1705 /* ModelStruct.swift */,
				F5D1C7E81EC880D9009C1705 /* UserClass.swift */,
				F5D1C7FC1EC93A66009C1705 /* UserManager.swift */,
			);
			name = Model;
			sourceTree = "<group>";
		};
		F5D1C7EA1EC8B248009C1705 /* ViewControllers */ = {
			isa = PBXGroup;
			children = (
				8DF34C201EC3212C00F93D8D /* ViewController.swift */,
				8DF34C301EC3215800F93D8D /* LoginViewController.swift */,
				F5A4D4B61ECDAE1100571307 /* AllPhotoViewController.swift */,
				F56CAEA21ED133C800230E8A /* UserViewController.swift */,
				F56CAEA41ED1464D00230E8A /* UploadPhotoViewController.swift */,
			);
			name = ViewControllers;
			sourceTree = "<group>";
		};
		F5D1C7EB1EC8B28F009C1705 /* CustomViews */ = {
			isa = PBXGroup;
			children = (
				F5D1C7EC1EC8B2BC009C1705 /* PhotoCell.xib */,
				F5D1C7F01EC8B7F7009C1705 /* PhotoCell.swift */,
			);
			name = CustomViews;
			sourceTree = "<group>";
		};
		F5D1C7F81EC8C250009C1705 /* Reachability */ = {
			isa = PBXGroup;
			children = (
				F5D1C7F91EC8C250009C1705 /* Reachability.h */,
				F5D1C7FA1EC8C250009C1705 /* Reachability.m */,
			);
			path = Reachability;
			sourceTree = "<group>";
		};
/* End PBXGroup section */

/* Begin PBXNativeTarget section */
		8DF34C1A1EC3212C00F93D8D /* InstagramClone */ = {
			isa = PBXNativeTarget;
			buildConfigurationList = 8DF34C2D1EC3212C00F93D8D /* Build configuration list for PBXNativeTarget "InstagramClone" */;
			buildPhases = (
				E295F29C0EA9610D6126900A /* [CP] Check Pods Manifest.lock */,
				8DF34C171EC3212C00F93D8D /* Sources */,
				8DF34C181EC3212C00F93D8D /* Frameworks */,
				8DF34C191EC3212C00F93D8D /* Resources */,
				D8649DF416DAE80F6300F266 /* [CP] Embed Pods Frameworks */,
				863A9A17F9F2760A362657B5 /* [CP] Copy Pods Resources */,
			);
			buildRules = (
			);
			dependencies = (
			);
			name = InstagramClone;
			productName = InstagramClone;
			productReference = 8DF34C1B1EC3212C00F93D8D /* InstagramClone.app */;
			productType = "com.apple.product-type.application";
		};
/* End PBXNativeTarget section */

/* Begin PBXProject section */
		8DF34C131EC3212C00F93D8D /* Project object */ = {
			isa = PBXProject;
			attributes = {
				LastSwiftUpdateCheck = 0830;
				LastUpgradeCheck = 0830;
				ORGANIZATIONNAME = iossimple;
				TargetAttributes = {
					8DF34C1A1EC3212C00F93D8D = {
						CreatedOnToolsVersion = 8.3.2;
						DevelopmentTeam = 479Z8RUJT7;
						ProvisioningStyle = Automatic;
					};
				};
			};
			buildConfigurationList = 8DF34C161EC3212C00F93D8D /* Build configuration list for PBXProject "InstagramClone" */;
			compatibilityVersion = "Xcode 3.2";
			developmentRegion = English;
			hasScannedForEncodings = 0;
			knownRegions = (
				en,
				Base,
			);
			mainGroup = 8DF34C121EC3212C00F93D8D;
			productRefGroup = 8DF34C1C1EC3212C00F93D8D /* Products */;
			projectDirPath = "";
			projectRoot = "";
			targets = (
				8DF34C1A1EC3212C00F93D8D /* InstagramClone */,
			);
		};
/* End PBXProject section */

/* Begin PBXResourcesBuildPhase section */
		8DF34C191EC3212C00F93D8D /* Resources */ = {
			isa = PBXResourcesBuildPhase;
			buildActionMask = 2147483647;
			files = (
				8DF34C291EC3212C00F93D8D /* LaunchScreen.storyboard in Resources */,
				8DF34C261EC3212C00F93D8D /* Assets.xcassets in Resources */,
				8DF34C241EC3212C00F93D8D /* Main.storyboard in Resources */,
				F5D1C7ED1EC8B2BC009C1705 /* PhotoCell.xib in Resources */,
			);
			runOnlyForDeploymentPostprocessing = 0;
		};
/* End PBXResourcesBuildPhase section */

/* Begin PBXShellScriptBuildPhase section */
		863A9A17F9F2760A362657B5 /* [CP] Copy Pods Resources */ = {
			isa = PBXShellScriptBuildPhase;
			buildActionMask = 2147483647;
			files = (
			);
			inputPaths = (
			);
			name = "[CP] Copy Pods Resources";
			outputPaths = (
			);
			runOnlyForDeploymentPostprocessing = 0;
			shellPath = /bin/sh;
			shellScript = "\"${SRCROOT}/Pods/Target Support Files/Pods-InstagramClone/Pods-InstagramClone-resources.sh\"\n";
			showEnvVarsInLog = 0;
		};
		D8649DF416DAE80F6300F266 /* [CP] Embed Pods Frameworks */ = {
			isa = PBXShellScriptBuildPhase;
			buildActionMask = 2147483647;
			files = (
			);
			inputPaths = (
			);
			name = "[CP] Embed Pods Frameworks";
			outputPaths = (
			);
			runOnlyForDeploymentPostprocessing = 0;
			shellPath = /bin/sh;
			shellScript = "\"${SRCROOT}/Pods/Target Support Files/Pods-InstagramClone/Pods-InstagramClone-frameworks.sh\"\n";
			showEnvVarsInLog = 0;
		};
		E295F29C0EA9610D6126900A /* [CP] Check Pods Manifest.lock */ = {
			isa = PBXShellScriptBuildPhase;
			buildActionMask = 2147483647;
			files = (
			);
			inputPaths = (
			);
			name = "[CP] Check Pods Manifest.lock";
			outputPaths = (
			);
			runOnlyForDeploymentPostprocessing = 0;
			shellPath = /bin/sh;
			shellScript = "diff \"${PODS_PODFILE_DIR_PATH}/Podfile.lock\" \"${PODS_ROOT}/Manifest.lock\" > /dev/null\nif [ $? != 0 ] ; then\n    # print error to STDERR\n    echo \"error: The sandbox is not in sync with the Podfile.lock. Run 'pod install' or update your CocoaPods installation.\" >&2\n    exit 1\nfi\n";
			showEnvVarsInLog = 0;
		};
/* End PBXShellScriptBuildPhase section */

/* Begin PBXSourcesBuildPhase section */
		8DF34C171EC3212C00F93D8D /* Sources */ = {
			isa = PBXSourcesBuildPhase;
			buildActionMask = 2147483647;
			files = (
				F5D1C7DB1EC86CAD009C1705 /* APIManagers.swift in Sources */,
				F5D1C7F11EC8B7F8009C1705 /* PhotoCell.swift in Sources */,
				F56CAEA31ED133C800230E8A /* UserViewController.swift in Sources */,
				8DF34C311EC3215800F93D8D /* LoginViewController.swift in Sources */,
				F5D1C7FB1EC8C250009C1705 /* Reachability.m in Sources */,
				F5D1C7E41EC8745A009C1705 /* Defines.swift in Sources */,
				8DF34C211EC3212C00F93D8D /* ViewController.swift in Sources */,
				F5D1C7FD1EC93A67009C1705 /* UserManager.swift in Sources */,
				8DF34C1F1EC3212C00F93D8D /* AppDelegate.swift in Sources */,
				F5D1C7E11EC871FD009C1705 /* Utitlities.swift in Sources */,
				F56CAEA51ED1464D00230E8A /* UploadPhotoViewController.swift in Sources */,
				F5D1C7E71EC87719009C1705 /* ModelStruct.swift in Sources */,
				F5D1C7E91EC880D9009C1705 /* UserClass.swift in Sources */,
				F5A4D4B71ECDAE1100571307 /* AllPhotoViewController.swift in Sources */,
			);
			runOnlyForDeploymentPostprocessing = 0;
		};
/* End PBXSourcesBuildPhase section */

/* Begin PBXVariantGroup section */
		8DF34C221EC3212C00F93D8D /* Main.storyboard */ = {
			isa = PBXVariantGroup;
			children = (
				8DF34C231EC3212C00F93D8D /* Base */,
			);
			name = Main.storyboard;
			sourceTree = "<group>";
		};
		8DF34C271EC3212C00F93D8D /* LaunchScreen.storyboard */ = {
			isa = PBXVariantGroup;
			children = (
				8DF34C281EC3212C00F93D8D /* Base */,
			);
			name = LaunchScreen.storyboard;
			sourceTree = "<group>";
		};
/* End PBXVariantGroup section */

/* Begin XCBuildConfiguration section */
		8DF34C2B1EC3212C00F93D8D /* Debug */ = {
			isa = XCBuildConfiguration;
			buildSettings = {
				ALWAYS_SEARCH_USER_PATHS = NO;
				CLANG_ANALYZER_NONNULL = YES;
				CLANG_ANALYZER_NUMBER_OBJECT_CONVERSION = YES_AGGRESSIVE;
				CLANG_CXX_LANGUAGE_STANDARD = "gnu++0x";
				CLANG_CXX_LIBRARY = "libc++";
				CLANG_ENABLE_MODULES = YES;
				CLANG_ENABLE_OBJC_ARC = YES;
				CLANG_WARN_BOOL_CONVERSION = YES;
				CLANG_WARN_CONSTANT_CONVERSION = YES;
				CLANG_WARN_DIRECT_OBJC_ISA_USAGE = YES_ERROR;
				CLANG_WARN_DOCUMENTATION_COMMENTS = YES;
				CLANG_WARN_EMPTY_BODY = YES;
				CLANG_WARN_ENUM_CONVERSION = YES;
				CLANG_WARN_INFINITE_RECURSION = YES;
				CLANG_WARN_INT_CONVERSION = YES;
				CLANG_WARN_OBJC_ROOT_CLASS = YES_ERROR;
				CLANG_WARN_SUSPICIOUS_MOVE = YES;
				CLANG_WARN_UNREACHABLE_CODE = YES;
				CLANG_WARN__DUPLICATE_METHOD_MATCH = YES;
				"CODE_SIGN_IDENTITY[sdk=iphoneos*]" = "iPhone Developer";
				COPY_PHASE_STRIP = NO;
				DEBUG_INFORMATION_FORMAT = dwarf;
				ENABLE_STRICT_OBJC_MSGSEND = YES;
				ENABLE_TESTABILITY = YES;
				GCC_C_LANGUAGE_STANDARD = gnu99;
				GCC_DYNAMIC_NO_PIC = NO;
				GCC_NO_COMMON_BLOCKS = YES;
				GCC_OPTIMIZATION_LEVEL = 0;
				GCC_PREPROCESSOR_DEFINITIONS = (
					"DEBUG=1",
					"$(inherited)",
				);
				GCC_WARN_64_TO_32_BIT_CONVERSION = YES;
				GCC_WARN_ABOUT_RETURN_TYPE = YES_ERROR;
				GCC_WARN_UNDECLARED_SELECTOR = YES;
				GCC_WARN_UNINITIALIZED_AUTOS = YES_AGGRESSIVE;
				GCC_WARN_UNUSED_FUNCTION = YES;
				GCC_WARN_UNUSED_VARIABLE = YES;
				IPHONEOS_DEPLOYMENT_TARGET = 10.3;
				MTL_ENABLE_DEBUG_INFO = YES;
				ONLY_ACTIVE_ARCH = YES;
				SDKROOT = iphoneos;
				SWIFT_ACTIVE_COMPILATION_CONDITIONS = DEBUG;
				SWIFT_OPTIMIZATION_LEVEL = "-Onone";
			};
			name = Debug;
		};
		8DF34C2C1EC3212C00F93D8D /* Release */ = {
			isa = XCBuildConfiguration;
			buildSettings = {
				ALWAYS_SEARCH_USER_PATHS = NO;
				CLANG_ANALYZER_NONNULL = YES;
				CLANG_ANALYZER_NUMBER_OBJECT_CONVERSION = YES_AGGRESSIVE;
				CLANG_CXX_LANGUAGE_STANDARD = "gnu++0x";
				CLANG_CXX_LIBRARY = "libc++";
				CLANG_ENABLE_MODULES = YES;
				CLANG_ENABLE_OBJC_ARC = YES;
				CLANG_WARN_BOOL_CONVERSION = YES;
				CLANG_WARN_CONSTANT_CONVERSION = YES;
				CLANG_WARN_DIRECT_OBJC_ISA_USAGE = YES_ERROR;
				CLANG_WARN_DOCUMENTATION_COMMENTS = YES;
				CLANG_WARN_EMPTY_BODY = YES;
				CLANG_WARN_ENUM_CONVERSION = YES;
				CLANG_WARN_INFINITE_RECURSION = YES;
				CLANG_WARN_INT_CONVERSION = YES;
				CLANG_WARN_OBJC_ROOT_CLASS = YES_ERROR;
				CLANG_WARN_SUSPICIOUS_MOVE = YES;
				CLANG_WARN_UNREACHABLE_CODE = YES;
				CLANG_WARN__DUPLICATE_METHOD_MATCH = YES;
				"CODE_SIGN_IDENTITY[sdk=iphoneos*]" = "iPhone Developer";
				COPY_PHASE_STRIP = NO;
				DEBUG_INFORMATION_FORMAT = "dwarf-with-dsym";
				ENABLE_NS_ASSERTIONS = NO;
				ENABLE_STRICT_OBJC_MSGSEND = YES;
				GCC_C_LANGUAGE_STANDARD = gnu99;
				GCC_NO_COMMON_BLOCKS = YES;
				GCC_WARN_64_TO_32_BIT_CONVERSION = YES;
				GCC_WARN_ABOUT_RETURN_TYPE = YES_ERROR;
				GCC_WARN_UNDECLARED_SELECTOR = YES;
				GCC_WARN_UNINITIALIZED_AUTOS = YES_AGGRESSIVE;
				GCC_WARN_UNUSED_FUNCTION = YES;
				GCC_WARN_UNUSED_VARIABLE = YES;
				IPHONEOS_DEPLOYMENT_TARGET = 10.3;
				MTL_ENABLE_DEBUG_INFO = NO;
				SDKROOT = iphoneos;
				SWIFT_OPTIMIZATION_LEVEL = "-Owholemodule";
				VALIDATE_PRODUCT = YES;
			};
			name = Release;
		};
		8DF34C2E1EC3212C00F93D8D /* Debug */ = {
			isa = XCBuildConfiguration;
			baseConfigurationReference = 067452C54D084541C902ECB6 /* Pods-InstagramClone.debug.xcconfig */;
			buildSettings = {
				ASSETCATALOG_COMPILER_APPICON_NAME = AppIcon;
				CODE_SIGN_IDENTITY = "iPhone Developer";
				DEVELOPMENT_TEAM = 479Z8RUJT7;
				INFOPLIST_FILE = InstagramClone/Info.plist;
				LD_RUNPATH_SEARCH_PATHS = "$(inherited) @executable_path/Frameworks";
				PRODUCT_BUNDLE_IDENTIFIER = com.iosimple.InstagramClone;
				PRODUCT_NAME = "$(TARGET_NAME)";
				SWIFT_OBJC_BRIDGING_HEADER = "InstagramClone/InstagramClone-Bridging-Header.h";
				SWIFT_VERSION = 3.0;
			};
			name = Debug;
		};
		8DF34C2F1EC3212C00F93D8D /* Release */ = {
			isa = XCBuildConfiguration;
			baseConfigurationReference = E7AFDE48EA1B4774292EDDB2 /* Pods-InstagramClone.release.xcconfig */;
			buildSettings = {
				ASSETCATALOG_COMPILER_APPICON_NAME = AppIcon;
				CODE_SIGN_IDENTITY = "iPhone Developer";
				DEVELOPMENT_TEAM = 479Z8RUJT7;
				INFOPLIST_FILE = InstagramClone/Info.plist;
				LD_RUNPATH_SEARCH_PATHS = "$(inherited) @executable_path/Frameworks";
				PRODUCT_BUNDLE_IDENTIFIER = com.iosimple.InstagramClone;
				PRODUCT_NAME = "$(TARGET_NAME)";
				SWIFT_OBJC_BRIDGING_HEADER = "InstagramClone/InstagramClone-Bridging-Header.h";
				SWIFT_VERSION = 3.0;
			};
			name = Release;
		};
/* End XCBuildConfiguration section */

/* Begin XCConfigurationList section */
		8DF34C161EC3212C00F93D8D /* Build configuration list for PBXProject "InstagramClone" */ = {
			isa = XCConfigurationList;
			buildConfigurations = (
				8DF34C2B1EC3212C00F93D8D /* Debug */,
				8DF34C2C1EC3212C00F93D8D /* Release */,
			);
			defaultConfigurationIsVisible = 0;
			defaultConfigurationName = Release;
		};
		8DF34C2D1EC3212C00F93D8D /* Build configuration list for PBXNativeTarget "InstagramClone" */ = {
			isa = XCConfigurationList;
			buildConfigurations = (
				8DF34C2E1EC3212C00F93D8D /* Debug */,
				8DF34C2F1EC3212C00F93D8D /* Release */,
			);
			defaultConfigurationIsVisible = 0;
			defaultConfigurationName = Release;
		};
/* End XCConfigurationList section */
	};
	rootObject = 8DF34C131EC3212C00F93D8D /* Project object */;
}
